
Microsoft Visual Studio Solution File, Format Version 12.00
# Visual Studio Version 17
VisualStudioVersion = 17.11.35312.102
MinimumVisualStudioVersion = 10.0.40219.1
Project("{FAE04EC0-301F-11D3-BF4B-00C04F79EFBC}") = "Efood-Menu", "Efood-Menu.csproj", "{665F5EAF-FB35-47EE-A167-FD21DD94827F}"
EndProject
Global
	GlobalSection(SolutionConfigurationPlatforms) = preSolution
		Debug|Any CPU = Debug|Any CPU
		Release|Any CPU = Release|Any CPU
	EndGlobalSection
	GlobalSection(ProjectConfigurationPlatforms) = postSolution
		{665F5EAF-FB35-47EE-A167-FD21DD94827F}.Debug|Any CPU.ActiveCfg = Debug|Any CPU
		{665F5EAF-FB35-47EE-A167-FD21DD94827F}.Debug|Any CPU.Build.0 = Debug|Any CPU
		{665F5EAF-FB35-47EE-A167-FD21DD94827F}.Release|Any CPU.ActiveCfg = Release|Any CPU
		{665F5EAF-FB35-47EE-A167-FD21DD94827F}.Release|Any CPU.Build.0 = Release|Any CPU
	EndGlobalSection
	GlobalSection(SolutionProperties) = preSolution
		HideSolutionNode = FALSE
	EndGlobalSection
	GlobalSection(ExtensibilityGlobals) = postSolution
		SolutionGuid = {06E68686-E6E9-4668-985F-128DE7FB947C}
	EndGlobalSection
EndGlobal
